
Microsoft Visual Studio Solution File, Format Version 12.00
# Visual Studio Version 17
VisualStudioVersion = 17.14.36105.17 d17.14
MinimumVisualStudioVersion = 10.0.40219.1
Project("{FAE04EC0-301F-11D3-BF4B-00C04F79EFBC}") = "DB_BankProject", "DB_BankProject\DB_BankProject.csproj", "{DEEF2DF0-EEC0-43E4-B843-D6713EDAC937}"
EndProject
Global
	GlobalSection(SolutionConfigurationPlatforms) = preSolution
		Debug|Any CPU = Debug|Any CPU
		Release|Any CPU = Release|Any CPU
	EndGlobalSection
	GlobalSection(ProjectConfigurationPlatforms) = postSolution
		{DEEF2DF0-EEC0-43E4-B843-D6713EDAC937}.Debug|Any CPU.ActiveCfg = Debug|Any CPU
		{DEEF2DF0-EEC0-43E4-B843-D6713EDAC937}.Debug|Any CPU.Build.0 = Debug|Any CPU
		{DEEF2DF0-EEC0-43E4-B843-D6713EDAC937}.Release|Any CPU.ActiveCfg = Release|Any CPU
		{DEEF2DF0-EEC0-43E4-B843-D6713EDAC937}.Release|Any CPU.Build.0 = Release|Any CPU
	EndGlobalSection
	GlobalSection(SolutionProperties) = preSolution
		HideSolutionNode = FALSE
	EndGlobalSection
	GlobalSection(ExtensibilityGlobals) = postSolution
		SolutionGuid = {DF79E21A-BAD7-4EBA-938D-13CBB74C5858}
	EndGlobalSection
EndGlobal
